
Microsoft Visual Studio Solution File, Format Version 12.00
# Visual Studio 15
VisualStudioVersion = 15.0.27130.2027
MinimumVisualStudioVersion = 10.0.40219.1
Project("{A0786B88-2ADB-4C21-ABE8-AA2D79766269}") = "AltamiraTec", "AltamiraTec\AltamiraTec.phpproj", "{E49F5B1A-46D3-4BD0-945D-7BC55A728F0D}"
EndProject
Global
	GlobalSection(SolutionConfigurationPlatforms) = preSolution
		Debug|Any CPU = Debug|Any CPU
		Release|Any CPU = Release|Any CPU
	EndGlobalSection
	GlobalSection(ProjectConfigurationPlatforms) = postSolution
		{E49F5B1A-46D3-4BD0-945D-7BC55A728F0D}.Debug|Any CPU.ActiveCfg = Debug|Any CPU
		{E49F5B1A-46D3-4BD0-945D-7BC55A728F0D}.Release|Any CPU.ActiveCfg = Release|Any CPU
	EndGlobalSection
	GlobalSection(SolutionProperties) = preSolution
		HideSolutionNode = FALSE
	EndGlobalSection
	GlobalSection(ExtensibilityGlobals) = postSolution
		SolutionGuid = {5900DEDF-23F5-4D1E-ACFD-095114073909}
	EndGlobalSection
EndGlobal
